{
    "_meta": {
        "hash": {
            "sha256": "d1aceb4fab1697c0bb6c5b037e4b023987535c29d1003ccd1e8c0d6e5493ea73"
        },
        "pipfile-spec": 6,
        "requires": {
            "python_version": "3"
        },
        "sources": [
            {
                "name": "pypi",
                "url": "https://pypi.org/simple",
                "verify_ssl": true
            }
        ]
    },
    "default": {
        "certifi": {
            "hashes": [
                "sha256:78884e7c1d4b00ce3cea67b44566851c4343c120abd683433ce934a68ea58872",
                "sha256:d62a0163eb4c2344ac042ab2bdf75399a71a2d8c7d47eac2e2ee91b9d6339569"
            ],
            "version": "==2021.10.8"
        },
        "charset-normalizer": {
            "hashes": [
                "sha256:2857e29ff0d34db842cd7ca3230549d1a697f96ee6d3fb071cfa6c7393832597",
                "sha256:6881edbebdb17b39b4eaaa821b438bf6eddffb4468cf344f09f89def34a8b1df"
            ],
            "markers": "python_version >= '3'",
            "version": "==2.0.12"
        },
        "idna": {
            "hashes": [
                "sha256:84d9dd047ffa80596e0f246e2eab0b391788b0503584e8945f2368256d2735ff",
                "sha256:9d643ff0a55b762d5cdb124b8eaa99c66322e2157b69160bc32796e824360e6d"
            ],
            "markers": "python_version >= '3'",
            "version": "==3.3"
        },
        "influxdb": {
            "hashes": [
                "sha256:46f85e7b04ee4b3dee894672be6a295c94709003a7ddea8820deec2ac4d8b27a",
                "sha256:65040a1f53d1a2a4f88a677e89e3a98189a7d30cf2ab61c318aaa89733280747"
            ],
            "index": "pypi",
            "version": "==5.3.1"
        },
        "msgpack": {
            "hashes": [
                "sha256:01e2dd6c9b19d333a00282330cc8a73d38d8dabc306dc5b42cd668c3ac82e833",
                "sha256:020e881a764b20d8d7ca1a54fc01b8175519d108e3c3f194fddc200bda95951a",
                "sha256:04c721c2c7448767e9e3f2520a475663d8ee0f09c31890f6d2bd70fd636a9647",
                "sha256:05f340e47e7e47d2da8db9b53e1bb1d294369e9ef45a747441309f6650b8351d",
                "sha256:0a70e3cf2804a300d921bb0940426e35f4e489a23adfb77a808892241db0a064",
                "sha256:0adcf06ffde0777c0e1a9b771a2b1c4226ba1bbf748c8efcc02fcdeca3299107",
                "sha256:0c0d9802354507bcba62af19c17918e3eb437cc25e6f50657d511b5856a77aac",
                "sha256:0e2bf9280bceb5efca998435904b5d3e9fdbcc11d90dc9df30aec7973252b720",
                "sha256:1233ee2dd0cefba127583de50ea654677277047d238303521db35def3d7b2e7c",
                "sha256:146ee4e9ce80b365c6d4c47073da9da7bcec473e58194ceee5dd7620ace77e06",
                "sha256:1548006a91aa93c5da81f3bdcebc1a0d10cea2d25969754fbe848da622b2b895",
                "sha256:196300e7e5d6e74d50f1607ab9c06c4a1484c383cd22defd727902591f7e8dde",
                "sha256:1dabedcd0f23559f3596428c6589c1cd8c6eaed3a0d720795b07b0225d769203",
                "sha256:20466cca18c49c7292a8984bc15d65857b171e7264bdcb5f96baf8be238791fc",
                "sha256:298872ecf9e61950f1c6af4ca969b859ee91783bb920ef6e6172697d0c8aad74",
                "sha256:29a3f6e9667868429d8240dfd063ea5ffdc1321c13d783aa23827a38de0dcb22",
                "sha256:2eda0b7ebb1283a98d3e4492ac933c8af6aff59fd3df1c3ed024f536af4b1dc8",
                "sha256:2ef59c659f289eddf8aa6623823f19fa2f40a4029266889eac7a2505dd210c35",
                "sha256:2ff164c1b0bcb740b073b99e945234d0212852fa378e44a208c425379140dbeb",
                "sha256:33f14fba63278b714efe6ad07e50ea5f03d91537aa6a1c5f1ceca4cf44013ca9",
                "sha256:350cb813d0af6e65d2f7ef0d729f7ff5be5a8bce03665892f43e5883d4ecc1b8",
                "sha256:4202c74688ca06591f78cb18988228bd4cca2cc75d57b60008372892d2f1e6e6",
                "sha256:4227224aaec8f7fbcbfbd4272319347b2bb4030366502600f8c45588c5187b07",
                "sha256:491cc39455ca765fad51fb451bf2915eb2cf41192ab5801ce8d67c1d614fe056",
                "sha256:575957e79cd51903a4e8495a242442949641e08f1efd5197b43bebd3ea7682b4",
                "sha256:5ad5467fc3f68b5468e06c5f788d712e9f8ffc8b0cd1bcb160c105c1ee92dae7",
                "sha256:5bb9c386f0a329c035ddbab4b72d1028bf9627add8dda41070288563d57ed1b1",
                "sha256:5c24aa15d5963051e1a5c62b12c50cd705992502b5ec1f3bece6046f33c9fc24",
                "sha256:5f6277e5f783c36786a145e0247fc189a03f35f84b251646e53592d2bc12b355",
                "sha256:60926b75d00c8e816ef98f3034f484a8bc64242d66839cef4cf7e503142316a0",
                "sha256:633727297ed063441fd1cda2288865487f33ad14eeb8831afb5f0c396a62cfce",
                "sha256:67f6dd22fa72a93752643f07889796d62739a13415ee630169a8ce764f86cf9f",
                "sha256:6d09badf350af2be9d189184e04e64cf54ad93569ab3d96fca58bd3e84aad707",
                "sha256:6ee967f7c7e1df2890c671ff2ee51a28ded0efc95da3e507176dee881ce36c66",
                "sha256:74847557e28ce71bd3c438a447ca90e4b507e997ddbdef8a12a7b283b86c156b",
                "sha256:779197a6513bab3c3632265e3d0f7cb3227e62510841a6f34f1eaa37efbb345e",
                "sha256:787c9bebb5833e8f6fc8abca3c0597683d8d87f56a8842b6b89c75a5f3176e2d",
                "sha256:7d31c0ac0c640f877804c67cb2bc9f4e23dc2db97e96c2e67fa27d38283b41f8",
                "sha256:810b916696c86ef0deb3b74588480224df4c1b071136c34183e4a2a4284d7ac7",
                "sha256:83efa1c898e0fc5380fc0cabbf75164c52e3b5cbb45973710d75821928380c73",
                "sha256:85f57e960d877f2977f6430896191b04a21f8901b3b4baf2e4604329f4db5402",
                "sha256:8b267ce94efb76fbd1b3373511420074ee3187f0f7811bf394531de13294735a",
                "sha256:8c2ed1e48cc0f460bf3c7780e7137ff21a4e18433451916f2442c1b21036cd7d",
                "sha256:8c7b398c56ff125feae96c2737abfec5595f1fa0aa186df60c56040b8accb95c",
                "sha256:8d00f177ca88a77c1cf848d204a38f249751650b601cb6532acc68805d8a8273",
                "sha256:8ff92d7feeaf5bc26c51495b69e2f99ed97ab79346fb6555f44be7dd2ac6503b",
                "sha256:91054a783328e0ea7954b8771095705c8d2243b814743fbaadf14552c9c52c5d",
                "sha256:98b58bdb89c46190e4609bb36abe17c6d4105ad13f9c5f8f6f64d320f8ced3fb",
                "sha256:a28d076ca7c82b9c8728ad90b7147489449557038bed50e4241eb832395169b4",
                "sha256:aa6c4be5d1c02a42b066ca6ddb71adf36432868fdcdb6ee87e634e86e0674190",
                "sha256:aded5bdf32609dc7987a49bbbd15a8ef096193f96dd8bbeb791de729e650acf5",
                "sha256:afc5febcd4c99effbc02b528e49d6fd0760b2b7d48c05239e345a5fa6e743d9a",
                "sha256:b50b727bd652bdc37d950336c848ef20ec54a4cafc38dce19b1cd86ad625d0f7",
                "sha256:c1c79a604a2969a868a78b6ebd27a887e00c624f14f66b3038e0590cb23332d1",
                "sha256:ca0dacff965c47afdc3749a8469d7302a8f801d6a28758d55120d75e66ce6889",
                "sha256:d3567748a5107cb40cdf66a275430c2f87c07777698f4bfd25c35f44d533258c",
                "sha256:dc871b997a9370d855b7394465f2f350e847a5b806dd38dcc9c989e7d87da155",
                "sha256:dd3bfe82d53edfe4b7fc9a7ec9761e23a7a5b1dac22264505af428253c29ed24",
                "sha256:e3dc2feb0876209d9c38aa56cb1de169bd6c4348f1aa48271f241226590993e6",
                "sha256:e4f1d0f8f98ade9634e01fb704a408f9336c0a8f1117b369f5db83dc7551d8b1",
                "sha256:ec0e675d59150a6269ddc9139087c722292664a37d071a849c05c473350f1f2d",
                "sha256:ee1d9ed27d0497b848923746cf762ed2e7db24f4be7eec8e5cbe8c766aa707b7",
                "sha256:f02cf17a6ca1abe29b5f980644f7551f94d71f2011509b26d8625ce038f0df64",
                "sha256:f12038a35fabd52e56a3547bab42401af49a45caa6dd00b34c44de235bc93ee2",
                "sha256:f310233ef7fb9c14e201c93639fe5f5260b005f56f0b29048e999c30935596cc",
                "sha256:f9389552ecf4784886345ead0647e4edc96bee37cbab05b75540f542f766c48c"
            ],
            "index": "pypi",
            "markers": "python_version >= '3.10'",
            "version": "==1.2.1"
        },
        "python-dateutil": {
            "hashes": [
                "sha256:0123cacc1627ae19ddf3c27a5de5bd67ee4586fbdd6440d9748f8abb483d3e86",
                "sha256:961d03dc3453ebbc59dbdea9e4e11c5651520a876d0f4db161e8674aae935da9"
            ],
            "markers": "python_version >= '2.7' and python_version not in '3.0, 3.1, 3.2, 3.3'",
            "version": "==2.8.2"
        },
        "pytz": {
            "hashes": [
                "sha256:1e760e2fe6a8163bc0b3d9a19c4f84342afa0a2affebfaa84b01b978a02ecaa7",
                "sha256:e68985985296d9a66a881eb3193b0906246245294a881e7c8afe623866ac6a5c"
            ],
            "version": "==2022.1"
        },
        "requests": {
            "hashes": [
                "sha256:68d7c56fd5a8999887728ef304a6d12edc7be74f1cfa47714fc8b414525c9a61",
                "sha256:f22fa1e554c9ddfd16e6e41ac79759e17be9e492b3587efa038054674760e72d"
            ],
            "index": "pypi",
            "version": "==2.27.1"
        },
        "six": {
            "hashes": [
                "sha256:1e61c37477a1626458e36f7b1d82aa5c9b094fa4802892072e49de9c60c4c926",
                "sha256:8abb2f1d86890a2dfb989f9a77cfcfd3e47c2a354b01111771326f8aa26e0254"
            ],
            "markers": "python_version >= '2.7' and python_version not in '3.0, 3.1, 3.2, 3.3'",
            "version": "==1.16.0"
        },
        "urllib3": {
            "hashes": [
                "sha256:44ece4d53fb1706f667c9bd1c648f5469a2ec925fcf3a776667042d645472c14",
                "sha256:aabaf16477806a5e1dd19aa41f8c2b7950dd3c746362d7e3223dbe6de6ac448e"
            ],
            "markers": "python_version >= '2.7' and python_version not in '3.0, 3.1, 3.2, 3.3, 3.4' and python_version < '4'",
            "version": "==1.26.9"
        }
    },
    "develop": {}
}
