github.com/eidolon/wordwrap v0.0.0-20161011182207-e0f54129b8bb h1:ioQwBmKdOCpMVS/bDaESqNWXIE/aw4+gsVtysCGMWZ4=
github.com/eidolon/wordwrap v0.0.0-20161011182207-e0f54129b8bb/go.mod h1:ZAPs+OyRzeVJFGvXVDVffgCzQfjg3qU9Ig8G/MU3zZ4=
github.com/hashicorp/go-version v1.1.0 h1:bPIoEKD27tNdebFGGxxYwcL4nepeY4j1QP23PFRGzg0=
github.com/hashicorp/go-version v1.1.0/go.mod h1:fltr4n8CU8Ke44wwGCBoEymUuxUHl09ZGVZPK5anwXA=
